PODS:
  - Capacitor (4.3.0):
    - CapacitorCordova
  - CapacitorCordova (4.3.0)
  - scandit-datacapture-frameworks-core (6.19.0-beta.1-SNAPSHOT)

DEPENDENCIES:
  - "Capacitor (from `../node_modules/@capacitor/ios`)"
  - "CapacitorCordova (from `../node_modules/@capacitor/ios`)"
  - scandit-datacapture-frameworks-core (from `../../../shared/ios/scandit-datacapture-frameworks-core`)

EXTERNAL SOURCES:
  Capacitor:
    :path: "../node_modules/@capacitor/ios"
  CapacitorCordova:
    :path: "../node_modules/@capacitor/ios"
  scandit-datacapture-frameworks-core:
    :path: "../../../shared/ios/scandit-datacapture-frameworks-core"

SPEC CHECKSUMS:
  Capacitor: 5534f805df231c76164e1d63119bff7b4eac6cd5
  CapacitorCordova: 19a82a3b91fbeb9bdd049729551edc3cd7e5e648
  scandit-datacapture-frameworks-core: 9ff8f9347a3afd959a8a33ba39c2b52f14c6f016

PODFILE CHECKSUM: 09aad78cba3cec9de05abf9f925b1d497fb2816d

COCOAPODS: 1.12.1
